
Microsoft Visual Studio Solution File, Format Version 12.00
Project("{FAE04EC0-301F-11D3-BF4B-00C04F79EFBC}") = "HW16Async", "HW16Async.csproj", "{3A39F286-00EA-40E3-BFC3-20B601346D1B}"
EndProject
Global
	GlobalSection(SolutionConfigurationPlatforms) = preSolution
		Debug|Any CPU = Debug|Any CPU
		Release|Any CPU = Release|Any CPU
	EndGlobalSection
	GlobalSection(ProjectConfigurationPlatforms) = postSolution
		{3A39F286-00EA-40E3-BFC3-20B601346D1B}.Debug|Any CPU.ActiveCfg = Debug|Any CPU
		{3A39F286-00EA-40E3-BFC3-20B601346D1B}.Debug|Any CPU.Build.0 = Debug|Any CPU
		{3A39F286-00EA-40E3-BFC3-20B601346D1B}.Release|Any CPU.ActiveCfg = Release|Any CPU
		{3A39F286-00EA-40E3-BFC3-20B601346D1B}.Release|Any CPU.Build.0 = Release|Any CPU
	EndGlobalSection
EndGlobal
