
Microsoft Visual Studio Solution File, Format Version 12.00
Project("{FAE04EC0-301F-11D3-BF4B-00C04F79EFBC}") = "HW15Linq", "HW15Linq.csproj", "{A1B49013-4DA0-46B7-83E5-BA1DA8C61626}"
EndProject
Global
	GlobalSection(SolutionConfigurationPlatforms) = preSolution
		Debug|Any CPU = Debug|Any CPU
		Release|Any CPU = Release|Any CPU
	EndGlobalSection
	GlobalSection(ProjectConfigurationPlatforms) = postSolution
		{A1B49013-4DA0-46B7-83E5-BA1DA8C61626}.Debug|Any CPU.ActiveCfg = Debug|Any CPU
		{A1B49013-4DA0-46B7-83E5-BA1DA8C61626}.Debug|Any CPU.Build.0 = Debug|Any CPU
		{A1B49013-4DA0-46B7-83E5-BA1DA8C61626}.Release|Any CPU.ActiveCfg = Release|Any CPU
		{A1B49013-4DA0-46B7-83E5-BA1DA8C61626}.Release|Any CPU.Build.0 = Release|Any CPU
	EndGlobalSection
EndGlobal
