
Microsoft Visual Studio Solution File, Format Version 12.00
Project("{FAE04EC0-301F-11D3-BF4B-00C04F79EFBC}") = "PointCalculator", "PointCalculator.csproj", "{F184FBA7-1702-4C67-9B74-184911678C94}"
EndProject
Global
	GlobalSection(SolutionConfigurationPlatforms) = preSolution
		Debug|Any CPU = Debug|Any CPU
		Release|Any CPU = Release|Any CPU
	EndGlobalSection
	GlobalSection(ProjectConfigurationPlatforms) = postSolution
		{F184FBA7-1702-4C67-9B74-184911678C94}.Debug|Any CPU.ActiveCfg = Debug|Any CPU
		{F184FBA7-1702-4C67-9B74-184911678C94}.Debug|Any CPU.Build.0 = Debug|Any CPU
		{F184FBA7-1702-4C67-9B74-184911678C94}.Release|Any CPU.ActiveCfg = Release|Any CPU
		{F184FBA7-1702-4C67-9B74-184911678C94}.Release|Any CPU.Build.0 = Release|Any CPU
	EndGlobalSection
EndGlobal
