
Microsoft Visual Studio Solution File, Format Version 12.00
Project("{FAE04EC0-301F-11D3-BF4B-00C04F79EFBC}") = "HW6Inheritance", "HW6Inheritance.csproj", "{8457C34B-338D-472C-8269-198F148ABC84}"
EndProject
Global
	GlobalSection(SolutionConfigurationPlatforms) = preSolution
		Debug|Any CPU = Debug|Any CPU
		Release|Any CPU = Release|Any CPU
	EndGlobalSection
	GlobalSection(ProjectConfigurationPlatforms) = postSolution
		{8457C34B-338D-472C-8269-198F148ABC84}.Debug|Any CPU.ActiveCfg = Debug|Any CPU
		{8457C34B-338D-472C-8269-198F148ABC84}.Debug|Any CPU.Build.0 = Debug|Any CPU
		{8457C34B-338D-472C-8269-198F148ABC84}.Release|Any CPU.ActiveCfg = Release|Any CPU
		{8457C34B-338D-472C-8269-198F148ABC84}.Release|Any CPU.Build.0 = Release|Any CPU
	EndGlobalSection
EndGlobal
