
Microsoft Visual Studio Solution File, Format Version 12.00
Project("{FAE04EC0-301F-11D3-BF4B-00C04F79EFBC}") = "HW9Interfaces", "HW9Interfaces.csproj", "{F591D87A-265C-42B1-BE24-9388A9F9B4DD}"
EndProject
Global
	GlobalSection(SolutionConfigurationPlatforms) = preSolution
		Debug|Any CPU = Debug|Any CPU
		Release|Any CPU = Release|Any CPU
	EndGlobalSection
	GlobalSection(ProjectConfigurationPlatforms) = postSolution
		{F591D87A-265C-42B1-BE24-9388A9F9B4DD}.Debug|Any CPU.ActiveCfg = Debug|Any CPU
		{F591D87A-265C-42B1-BE24-9388A9F9B4DD}.Debug|Any CPU.Build.0 = Debug|Any CPU
		{F591D87A-265C-42B1-BE24-9388A9F9B4DD}.Release|Any CPU.ActiveCfg = Release|Any CPU
		{F591D87A-265C-42B1-BE24-9388A9F9B4DD}.Release|Any CPU.Build.0 = Release|Any CPU
	EndGlobalSection
EndGlobal
